
Microsoft Visual Studio Solution File, Format Version 12.00
# Visual Studio Version 16
VisualStudioVersion = 16.0.31424.327
MinimumVisualStudioVersion = 10.0.40219.1
Project("{FAE04EC0-301F-11D3-BF4B-00C04F79EFBC}") = "BinsaEcommerce.DAL", "BinsaEcommerce.DAL\BinsaEcommerce.DAL.csproj", "{F607E4E7-7E8B-4AC7-BE9A-A4224F92DB72}"
EndProject
Project("{FAE04EC0-301F-11D3-BF4B-00C04F79EFBC}") = "Binsa.API", "Binsa.API\Binsa.API.csproj", "{1E368FE3-99FE-4109-A7F4-41363A578DE2}"
EndProject
Global
	GlobalSection(SolutionConfigurationPlatforms) = preSolution
		Debug|Any CPU = Debug|Any CPU
		Release|Any CPU = Release|Any CPU
	EndGlobalSection
	GlobalSection(ProjectConfigurationPlatforms) = postSolution
		{F607E4E7-7E8B-4AC7-BE9A-A4224F92DB72}.Debug|Any CPU.ActiveCfg = Debug|Any CPU
		{F607E4E7-7E8B-4AC7-BE9A-A4224F92DB72}.Debug|Any CPU.Build.0 = Debug|Any CPU
		{F607E4E7-7E8B-4AC7-BE9A-A4224F92DB72}.Release|Any CPU.ActiveCfg = Release|Any CPU
		{F607E4E7-7E8B-4AC7-BE9A-A4224F92DB72}.Release|Any CPU.Build.0 = Release|Any CPU
		{1E368FE3-99FE-4109-A7F4-41363A578DE2}.Debug|Any CPU.ActiveCfg = Debug|Any CPU
		{1E368FE3-99FE-4109-A7F4-41363A578DE2}.Debug|Any CPU.Build.0 = Debug|Any CPU
		{1E368FE3-99FE-4109-A7F4-41363A578DE2}.Release|Any CPU.ActiveCfg = Release|Any CPU
		{1E368FE3-99FE-4109-A7F4-41363A578DE2}.Release|Any CPU.Build.0 = Release|Any CPU
	EndGlobalSection
	GlobalSection(SolutionProperties) = preSolution
		HideSolutionNode = FALSE
	EndGlobalSection
	GlobalSection(ExtensibilityGlobals) = postSolution
		SolutionGuid = {875427DE-17B0-4A12-BFC5-2EDF80506BDF}
	EndGlobalSection
EndGlobal
